
Microsoft Visual Studio Solution File, Format Version 12.00
# Visual Studio 14
VisualStudioVersion = 14.0.25420.1
MinimumVisualStudioVersion = 10.0.40219.1
Project("{2150E333-8FDC-42A3-9474-1A3956D46DE8}") = "WCF_HOST", "WCF_HOST", "{E2B87F98-0A60-4590-9200-CAC7DD158FD2}"
EndProject
Project("{2150E333-8FDC-42A3-9474-1A3956D46DE8}") = "Middle", "Middle", "{18A02E9A-106D-40BA-A5CB-FA0748ED8F69}"
EndProject
Project("{2150E333-8FDC-42A3-9474-1A3956D46DE8}") = "UI", "UI", "{80BD2B89-867B-4066-B617-9C170D3077F9}"
EndProject
Project("{2150E333-8FDC-42A3-9474-1A3956D46DE8}") = "Host Distributed", "Host Distributed", "{E6BBF93A-C0D7-4285-9DBB-A422536BA045}"
EndProject
Project("{2150E333-8FDC-42A3-9474-1A3956D46DE8}") = "Services", "Services", "{AE42F6E7-3574-4538-A1B7-2326F6CD8178}"
EndProject
Project("{2150E333-8FDC-42A3-9474-1A3956D46DE8}") = "Entities", "Entities", "{6AE6F2F4-E89F-40E0-ACA2-B4C6127CD0E7}"
EndProject
Project("{2150E333-8FDC-42A3-9474-1A3956D46DE8}") = "Notes", "Notes", "{E97C3D44-E4B4-4AB4-843B-88F2E4659288}"
	ProjectSection(SolutionItems) = preProject
		Notes\Bunk Histogram e Frequencies.txt = Notes\Bunk Histogram e Frequencies.txt
		Notes\Note.txt = Notes\Note.txt
		Notes\Teste_DUAS_manivelas_em_Y.dat = Notes\Teste_DUAS_manivelas_em_Y.dat
		Notes\Teste_UMA_manivela_em_Y.dat = Notes\Teste_UMA_manivela_em_Y.dat
		Notes\Teste_uma_manivelas_por_eixo.dat = Notes\Teste_uma_manivelas_por_eixo.dat
		Notes\Teste_X_negativo.dat = Notes\Teste_X_negativo.dat
		Notes\Teste_X_positivo.dat = Notes\Teste_X_positivo.dat
		Notes\Teste_Y_negativo.dat = Notes\Teste_Y_negativo.dat
		Notes\Teste_Y_positivo.dat = Notes\Teste_Y_positivo.dat
		Notes\Teste_Z_negativo.dat = Notes\Teste_Z_negativo.dat
		Notes\Teste_Z_positivo.dat = Notes\Teste_Z_positivo.dat
	EndProjectSection
EndProject
Project("{2150E333-8FDC-42A3-9474-1A3956D46DE8}") = "App", "App", "{F8CE1771-7B27-47C7-85FD-25CC02F15025}"
EndProject
Project("{2150E333-8FDC-42A3-9474-1A3956D46DE8}") = "Data", "Data", "{EC74AC5B-9D50-44CD-9965-52C5DC31C1BC}"
EndProject
Project("{2150E333-8FDC-42A3-9474-1A3956D46DE8}") = "Core", "Core", "{F72F406A-B1D2-413F-BB0C-F19BA980ACB5}"
EndProject
Project("{FAE04EC0-301F-11D3-BF4B-00C04F79EFBC}") = "EfoldingProcessHelpers", "App\Core\EfoldingProcessHelpers\EfoldingProcessHelpers.csproj", "{32391B01-F12A-46A0-9663-AD7E5D1D7D5C}"
EndProject
Project("{FAE04EC0-301F-11D3-BF4B-00C04F79EFBC}") = "SQLite", "App\Data\SQLite2\SQLite.csproj", "{0CF39014-BA77-430A-BA8E-8512CD550436}"
EndProject
Project("{FAE04EC0-301F-11D3-BF4B-00C04F79EFBC}") = "Interfaces", "App\Entities\Interfaces\Interfaces.csproj", "{B42FE247-F733-47AA-9335-E503CDBDB6F6}"
EndProject
Project("{FAE04EC0-301F-11D3-BF4B-00C04F79EFBC}") = "DistributedService", "App\Services\DistributedService\DistributedService.csproj", "{74E37785-E0B6-489F-9CC4-506A9B7EE306}"
EndProject
Project("{FAE04EC0-301F-11D3-BF4B-00C04F79EFBC}") = "DocumentManagementService", "App\Services\DocumentManagementService\DocumentManagementService.csproj", "{0ABBC729-BD96-4F1B-B489-14D128901F15}"
EndProject
Project("{FAE04EC0-301F-11D3-BF4B-00C04F79EFBC}") = "GeneratingResultsService", "App\Services\GeneratingResultsService\GeneratingResultsService.csproj", "{032D4AEC-05A5-4F7C-987C-10A4DF50216D}"
EndProject
Project("{FAE04EC0-301F-11D3-BF4B-00C04F79EFBC}") = "ProteinFoldingService", "App\UI\ProteinFoldingService\ProteinFoldingService.csproj", "{D9ADFAEF-7AEE-4C99-838B-505550989C2E}"
EndProject
Project("{FAE04EC0-301F-11D3-BF4B-00C04F79EFBC}") = "HostDistributed", "App\WCF\HostDistributed\HostDistributed.csproj", "{78A630AB-64B1-43EB-A663-841E7A8B1F30}"
EndProject
Project("{2150E333-8FDC-42A3-9474-1A3956D46DE8}") = "SandBox", "SandBox", "{569852FB-B721-4A08-BBF6-89035543D2BD}"
EndProject
Project("{2150E333-8FDC-42A3-9474-1A3956D46DE8}") = "DataBase", "DataBase", "{B3D35995-B376-4280-AB72-830B469A72B8}"
EndProject
Project("{00D1A9C2-B5F0-4AF3-8072-F6C62B433612}") = "Database", "DataBase\Database\Database.sqlproj", "{88248D88-9756-4084-AD88-388BE1AB8FEC}"
EndProject
Project("{2150E333-8FDC-42A3-9474-1A3956D46DE8}") = "Bunk", "Bunk", "{AC32AF7C-6577-4366-BF57-577279AC266A}"
	ProjectSection(SolutionItems) = preProject
		DataBase\Bunk\schemaCoordinates.fmt = DataBase\Bunk\schemaCoordinates.fmt
		DataBase\Bunk\schemaHistogram.fmt = DataBase\Bunk\schemaHistogram.fmt
		DataBase\Bunk\schemaSeed.fmt = DataBase\Bunk\schemaSeed.fmt
	EndProjectSection
EndProject
Project("{E24C65DC-7377-472B-9ABA-BC803B73C61A}") = "WebSite", "App\UI\WebSite", "{3140EA07-3FB1-407B-84AB-9C50AEDB6F4B}"
	ProjectSection(WebsiteProperties) = preProject
		SccProjectName = "SAK"
		SccAuxPath = "SAK"
		SccLocalPath = "SAK"
		SccProvider = "SAK"
		TargetFrameworkMoniker = ".NETFramework,Version%3Dv4.6.1"
		ProjectReferences = "{e82e2446-0c22-4a0b-8ccb-07c6724cd745}|GridProteinFolding.Entities.dll;{07CF19D8-7431-4442-8FB0-C87844B72CC1}|GridProteinFolding.Middle.Helpers.ConfigurationHelpers.dll;{253111D4-48E7-4C16-B67D-DFF7837D8EC1}|GridProteinFolding.Middle.Helpers.CryptographyHelpers.dll;{08268B87-2650-4F69-ABEB-71FAC91A9B6E}|GridProteinFolding.Middle.Helpers.RegistryHelpers.dll;{d1e2cfc4-5771-49c4-b81f-2f30988af90f}|GridProteinFolding.Middle.Helpers.TypesHelpers.dll;{57a3ec4a-feac-483d-92ca-23db44a558eb}|GridProteinFolding.Middle.Helpers.CompressionHelpers.dll;{B6866011-E04A-4DE1-8612-D90BF87C4EC9}|GridProteinFolding.Middle.Helpers.IOHelpers.dll;{eb08541c-521c-4647-82df-723913bfec57}|GridProteinFolding.Middle.Helpers.NetworkHelpers.dll;"
		Debug.AspNetCompiler.VirtualPath = "/localhost_50950"
		Debug.AspNetCompiler.PhysicalPath = "App\UI\WebSite\"
		Debug.AspNetCompiler.TargetPath = "PrecompiledWeb\localhost_50950\"
		Debug.AspNetCompiler.Updateable = "true"
		Debug.AspNetCompiler.ForceOverwrite = "true"
		Debug.AspNetCompiler.FixedNames = "false"
		Debug.AspNetCompiler.Debug = "True"
		Release.AspNetCompiler.VirtualPath = "/localhost_50950"
		Release.AspNetCompiler.PhysicalPath = "App\UI\WebSite\"
		Release.AspNetCompiler.TargetPath = "PrecompiledWeb\localhost_50950\"
		Release.AspNetCompiler.Updateable = "true"
		Release.AspNetCompiler.ForceOverwrite = "true"
		Release.AspNetCompiler.FixedNames = "false"
		Release.AspNetCompiler.Debug = "False"
		VWDPort = "50950"
		SlnRelativePath = "App\UI\WebSite\"
	EndProjectSection
EndProject
Project("{FAE04EC0-301F-11D3-BF4B-00C04F79EFBC}") = "SandBox", "SandBox\SandBox\SandBox.csproj", "{83B9436B-68B6-47DB-9AB7-06D1628D2D78}"
EndProject
Project("{FAE04EC0-301F-11D3-BF4B-00C04F79EFBC}") = "Entities", "App\Entities\Entities\Entities.csproj", "{E82E2446-0C22-4A0B-8CCB-07C6724CD745}"
EndProject
Project("{2150E333-8FDC-42A3-9474-1A3956D46DE8}") = "Assembly", "Assembly", "{C3E043B7-4701-44A0-9BA3-57F46BD90812}"
	ProjectSection(SolutionItems) = preProject
		App\Assembly\DocumentFormat.OpenXml.dll = App\Assembly\DocumentFormat.OpenXml.dll
		App\Assembly\ICSharpCode.SharpZipLib.dll = App\Assembly\ICSharpCode.SharpZipLib.dll
		App\Assembly\Interop.Origin.dll = App\Assembly\Interop.Origin.dll
		App\Assembly\Microsoft.Office.Interop.Excel.dll = App\Assembly\Microsoft.Office.Interop.Excel.dll
		App\Assembly\Microsoft.Web.Infrastructure.dll = App\Assembly\Microsoft.Web.Infrastructure.dll
		App\Assembly\OFFICE.DLL = App\Assembly\OFFICE.DLL
		App\Assembly\System.Web.Helpers.dll = App\Assembly\System.Web.Helpers.dll
		App\Assembly\System.Web.Razor.dll = App\Assembly\System.Web.Razor.dll
		App\Assembly\System.Web.WebPages.Deployment.dll = App\Assembly\System.Web.WebPages.Deployment.dll
		App\Assembly\System.Web.WebPages.dll = App\Assembly\System.Web.WebPages.dll
		App\Assembly\System.Web.WebPages.Razor.dll = App\Assembly\System.Web.WebPages.Razor.dll
	EndProjectSection
EndProject
Project("{2150E333-8FDC-42A3-9474-1A3956D46DE8}") = "dotNetRDF", "dotNetRDF", "{B483A86A-441C-480A-A6FA-CF96FB98DD53}"
	ProjectSection(SolutionItems) = preProject
		App\Assembly\dotNetRDF\dotNetRDF.dll = App\Assembly\dotNetRDF\dotNetRDF.dll
		App\Assembly\dotNetRDF\HtmlAgilityPack.dll = App\Assembly\dotNetRDF\HtmlAgilityPack.dll
		App\Assembly\dotNetRDF\Newtonsoft.Json.dll = App\Assembly\dotNetRDF\Newtonsoft.Json.dll
		App\Assembly\dotNetRDF\VDS.Common.dll = App\Assembly\dotNetRDF\VDS.Common.dll
	EndProjectSection
EndProject
Project("{2150E333-8FDC-42A3-9474-1A3956D46DE8}") = "SQLite", "SQLite", "{33B515EB-5BA8-4956-8284-656BDAB38654}"
EndProject
Project("{2150E333-8FDC-42A3-9474-1A3956D46DE8}") = "1.0.79.0", "1.0.79.0", "{A72022EF-377A-4B39-BD3E-D27619914DBA}"
	ProjectSection(SolutionItems) = preProject
		App\Assembly\SQLite\1.0.79.0\System.Data.SQLite.dll = App\Assembly\SQLite\1.0.79.0\System.Data.SQLite.dll
		App\Assembly\SQLite\1.0.79.0\System.Data.SQLite.xml = App\Assembly\SQLite\1.0.79.0\System.Data.SQLite.xml
	EndProjectSection
EndProject
Project("{2150E333-8FDC-42A3-9474-1A3956D46DE8}") = "1.0.99.0", "1.0.99.0", "{46D13F41-314C-456E-9B19-11B8C3986288}"
	ProjectSection(SolutionItems) = preProject
		App\Assembly\SQLite\1.0.99.0\System.Data.SQLite.dll = App\Assembly\SQLite\1.0.99.0\System.Data.SQLite.dll
		App\Assembly\SQLite\1.0.99.0\System.Data.SQLite.EF6.dll = App\Assembly\SQLite\1.0.99.0\System.Data.SQLite.EF6.dll
		App\Assembly\SQLite\1.0.99.0\System.Data.SQLite.Linq.dll = App\Assembly\SQLite\1.0.99.0\System.Data.SQLite.Linq.dll
	EndProjectSection
EndProject
Project("{2150E333-8FDC-42A3-9474-1A3956D46DE8}") = "ETL", "ETL", "{6417C43A-E51A-4792-99E2-9694908E7AE8}"
EndProject
Project("{2150E333-8FDC-42A3-9474-1A3956D46DE8}") = "Helpers", "Helpers", "{EC752A32-013E-4970-B390-ECAB641B9546}"
EndProject
Project("{2150E333-8FDC-42A3-9474-1A3956D46DE8}") = "Integration", "Integration", "{FC7FBEE8-C417-44C2-B1AB-CD51C29845F5}"
EndProject
Project("{FAE04EC0-301F-11D3-BF4B-00C04F79EFBC}") = "ClosedXMLHelpers", "App\Middle\Helpers\ClosedXML\ClosedXMLHelpers.csproj", "{BD5E6BFE-E837-4A35-BCA9-39667D873A20}"
EndProject
Project("{FAE04EC0-301F-11D3-BF4B-00C04F79EFBC}") = "CompressionHelpers", "App\Middle\Helpers\CompressionHelpers\CompressionHelpers.csproj", "{57A3EC4A-FEAC-483D-92CA-23DB44A558EB}"
EndProject
Project("{FAE04EC0-301F-11D3-BF4B-00C04F79EFBC}") = "ConfigurationHelpers", "App\Middle\Helpers\ConfigurationHelpers\ConfigurationHelpers.csproj", "{07CF19D8-7431-4442-8FB0-C87844B72CC1}"
EndProject
Project("{FAE04EC0-301F-11D3-BF4B-00C04F79EFBC}") = "ConvertHelpers", "App\Middle\Helpers\ConvertHelpers\ConvertHelpers.csproj", "{89EC3766-CE46-4AB1-B2E8-058CC9F20BD6}"
EndProject
Project("{FAE04EC0-301F-11D3-BF4B-00C04F79EFBC}") = "CryptographyHelpers", "App\Middle\Helpers\CryptographyHelpers\CryptographyHelpers.csproj", "{253111D4-48E7-4C16-B67D-DFF7837D8EC1}"
EndProject
Project("{FAE04EC0-301F-11D3-BF4B-00C04F79EFBC}") = "DebugHelpers", "App\Middle\Helpers\DebugHelpers\DebugHelpers.csproj", "{134F1956-1C4F-4A8B-8E0D-ED5DD3155D04}"
EndProject
Project("{FAE04EC0-301F-11D3-BF4B-00C04F79EFBC}") = "DictionaryHelpers", "App\Middle\Helpers\DictionaryHelpers\DictionaryHelpers.csproj", "{62F385DE-6123-477B-835E-BF73B6908FA6}"
EndProject
Project("{FAE04EC0-301F-11D3-BF4B-00C04F79EFBC}") = "EnumsHelpers", "App\Middle\Helpers\EnumsHelpers\EnumsHelpers.csproj", "{BBAE8249-8270-4071-8C93-67B64E342BC1}"
EndProject
Project("{FAE04EC0-301F-11D3-BF4B-00C04F79EFBC}") = "IOHelpers", "App\Middle\Helpers\IOHelpers\IOHelpers.csproj", "{B6866011-E04A-4DE1-8612-D90BF87C4EC9}"
EndProject
Project("{FAE04EC0-301F-11D3-BF4B-00C04F79EFBC}") = "LoggingHelpers", "App\Middle\Helpers\LoggingHelpers\LoggingHelpers.csproj", "{EDD6C201-9AE8-4EC8-8FC9-0CD04D8C1E31}"
EndProject
Project("{FAE04EC0-301F-11D3-BF4B-00C04F79EFBC}") = "NetworkHelpers", "App\Middle\Helpers\NetworkHelpers\NetworkHelpers.csproj", "{EB08541C-521C-4647-82DF-723913BFEC57}"
EndProject
Project("{FAE04EC0-301F-11D3-BF4B-00C04F79EFBC}") = "RandomHelpers", "App\Middle\Helpers\RandomHelpers\RandomHelpers.csproj", "{7A40E9FF-DCB8-4CCA-8638-A050E3FC4B62}"
EndProject
Project("{FAE04EC0-301F-11D3-BF4B-00C04F79EFBC}") = "RegistryHelpers", "App\Middle\Helpers\RegistryHelpers\RegistryHelpers.csproj", "{08268B87-2650-4F69-ABEB-71FAC91A9B6E}"
EndProject
Project("{FAE04EC0-301F-11D3-BF4B-00C04F79EFBC}") = "TypesHelpers", "App\Middle\Helpers\TypesHelpers\TypesHelpers.csproj", "{D1E2CFC4-5771-49C4-B81F-2F30988AF90F}"
EndProject
Project("{FAE04EC0-301F-11D3-BF4B-00C04F79EFBC}") = "Win32APIHelpers", "App\Middle\Helpers\Win32APIHelpers\Win32APIHelpers.csproj", "{F5DFAE27-216F-44DC-A59E-59D970B79B16}"
EndProject
Project("{FAE04EC0-301F-11D3-BF4B-00C04F79EFBC}") = "Integration", "App\Middle\Integration\Integration.csproj", "{02F87BE3-87FB-4C23-AAB7-2087C8E63075}"
EndProject
Project("{2150E333-8FDC-42A3-9474-1A3956D46DE8}") = "BAT", "BAT", "{D0881047-7623-4B14-9F9B-17E95556DA76}"
	ProjectSection(SolutionItems) = preProject
		Key.bat = Key.bat
	EndProjectSection
EndProject
Project("{2150E333-8FDC-42A3-9474-1A3956D46DE8}") = "Installer", "Installer", "{52FAFDD5-64FA-4C0F-9872-B5E745F5CCD1}"
	ProjectSection(SolutionItems) = preProject
		Template.txt = Template.txt
	EndProjectSection
EndProject
Project("{54435603-DBB4-11D2-8724-00A0C9A8B90C}") = "Setup", "Installer\Setup\Setup.vdproj", "{31E93D0C-A8A2-4A37-855F-53C83CAEF1FC}"
EndProject
Project("{FAE04EC0-301F-11D3-BF4B-00C04F79EFBC}") = "ManagedObjectMMFHelpers", "App\Middle\Helpers\ManagedObjectMMFHelpers\ManagedObjectMMFHelpers.csproj", "{5795F93C-AA8F-43D4-A2E9-11D41AA9FB2E}"
EndProject
Project("{FAE04EC0-301F-11D3-BF4B-00C04F79EFBC}") = "XMLData", "App\Data\XMLData\XMLData.csproj", "{5AC82ACA-F97B-46B1-81B1-12F2347C409D}"
EndProject
Project("{FAE04EC0-301F-11D3-BF4B-00C04F79EFBC}") = "HostETL", "App\WCF\HostETL\HostETL.csproj", "{3FB22C3A-3C50-4ED9-9AC1-568375287F27}"
EndProject
Global
	GlobalSection(SolutionConfigurationPlatforms) = preSolution
		Debug|Any CPU = Debug|Any CPU
		Debug|x64 = Debug|x64
		Debug|x86 = Debug|x86
		Release|Any CPU = Release|Any CPU
		Release|x64 = Release|x64
		Release|x86 = Release|x86
	EndGlobalSection
	GlobalSection(ProjectConfigurationPlatforms) = postSolution
		{32391B01-F12A-46A0-9663-AD7E5D1D7D5C}.Debug|Any CPU.ActiveCfg = Debug|Any CPU
		{32391B01-F12A-46A0-9663-AD7E5D1D7D5C}.Debug|Any CPU.Build.0 = Debug|Any CPU
		{32391B01-F12A-46A0-9663-AD7E5D1D7D5C}.Debug|x64.ActiveCfg = Debug|Any CPU
		{32391B01-F12A-46A0-9663-AD7E5D1D7D5C}.Debug|x64.Build.0 = Debug|Any CPU
		{32391B01-F12A-46A0-9663-AD7E5D1D7D5C}.Debug|x86.ActiveCfg = Debug|x86
		{32391B01-F12A-46A0-9663-AD7E5D1D7D5C}.Debug|x86.Build.0 = Debug|x86
		{32391B01-F12A-46A0-9663-AD7E5D1D7D5C}.Release|Any CPU.ActiveCfg = Release|Any CPU
		{32391B01-F12A-46A0-9663-AD7E5D1D7D5C}.Release|Any CPU.Build.0 = Release|Any CPU
		{32391B01-F12A-46A0-9663-AD7E5D1D7D5C}.Release|x64.ActiveCfg = Release|Any CPU
		{32391B01-F12A-46A0-9663-AD7E5D1D7D5C}.Release|x64.Build.0 = Release|Any CPU
		{32391B01-F12A-46A0-9663-AD7E5D1D7D5C}.Release|x86.ActiveCfg = Release|x86
		{32391B01-F12A-46A0-9663-AD7E5D1D7D5C}.Release|x86.Build.0 = Release|x86
		{0CF39014-BA77-430A-BA8E-8512CD550436}.Debug|Any CPU.ActiveCfg = Debug|Any CPU
		{0CF39014-BA77-430A-BA8E-8512CD550436}.Debug|Any CPU.Build.0 = Debug|Any CPU
		{0CF39014-BA77-430A-BA8E-8512CD550436}.Debug|x64.ActiveCfg = Debug|Any CPU
		{0CF39014-BA77-430A-BA8E-8512CD550436}.Debug|x64.Build.0 = Debug|Any CPU
		{0CF39014-BA77-430A-BA8E-8512CD550436}.Debug|x86.ActiveCfg = Debug|x86
		{0CF39014-BA77-430A-BA8E-8512CD550436}.Debug|x86.Build.0 = Debug|x86
		{0CF39014-BA77-430A-BA8E-8512CD550436}.Release|Any CPU.ActiveCfg = Release|Any CPU
		{0CF39014-BA77-430A-BA8E-8512CD550436}.Release|Any CPU.Build.0 = Release|Any CPU
		{0CF39014-BA77-430A-BA8E-8512CD550436}.Release|x64.ActiveCfg = Release|Any CPU
		{0CF39014-BA77-430A-BA8E-8512CD550436}.Release|x64.Build.0 = Release|Any CPU
		{0CF39014-BA77-430A-BA8E-8512CD550436}.Release|x86.ActiveCfg = Release|x86
		{0CF39014-BA77-430A-BA8E-8512CD550436}.Release|x86.Build.0 = Release|x86
		{B42FE247-F733-47AA-9335-E503CDBDB6F6}.Debug|Any CPU.ActiveCfg = Debug|Any CPU
		{B42FE247-F733-47AA-9335-E503CDBDB6F6}.Debug|Any CPU.Build.0 = Debug|Any CPU
		{B42FE247-F733-47AA-9335-E503CDBDB6F6}.Debug|Any CPU.Deploy.0 = Debug|Any CPU
		{B42FE247-F733-47AA-9335-E503CDBDB6F6}.Debug|x64.ActiveCfg = Debug|Any CPU
		{B42FE247-F733-47AA-9335-E503CDBDB6F6}.Debug|x64.Build.0 = Debug|Any CPU
		{B42FE247-F733-47AA-9335-E503CDBDB6F6}.Debug|x86.ActiveCfg = Debug|x86
		{B42FE247-F733-47AA-9335-E503CDBDB6F6}.Debug|x86.Build.0 = Debug|x86
		{B42FE247-F733-47AA-9335-E503CDBDB6F6}.Release|Any CPU.ActiveCfg = Release|Any CPU
		{B42FE247-F733-47AA-9335-E503CDBDB6F6}.Release|Any CPU.Build.0 = Release|Any CPU
		{B42FE247-F733-47AA-9335-E503CDBDB6F6}.Release|x64.ActiveCfg = Release|Any CPU
		{B42FE247-F733-47AA-9335-E503CDBDB6F6}.Release|x64.Build.0 = Release|Any CPU
		{B42FE247-F733-47AA-9335-E503CDBDB6F6}.Release|x86.ActiveCfg = Release|x86
		{B42FE247-F733-47AA-9335-E503CDBDB6F6}.Release|x86.Build.0 = Release|x86
		{74E37785-E0B6-489F-9CC4-506A9B7EE306}.Debug|Any CPU.ActiveCfg = Debug|Any CPU
		{74E37785-E0B6-489F-9CC4-506A9B7EE306}.Debug|Any CPU.Build.0 = Debug|Any CPU
		{74E37785-E0B6-489F-9CC4-506A9B7EE306}.Debug|x64.ActiveCfg = Debug|x64
		{74E37785-E0B6-489F-9CC4-506A9B7EE306}.Debug|x64.Build.0 = Debug|x64
		{74E37785-E0B6-489F-9CC4-506A9B7EE306}.Debug|x86.ActiveCfg = Debug|x86
		{74E37785-E0B6-489F-9CC4-506A9B7EE306}.Debug|x86.Build.0 = Debug|x86
		{74E37785-E0B6-489F-9CC4-506A9B7EE306}.Release|Any CPU.ActiveCfg = Release|Any CPU
		{74E37785-E0B6-489F-9CC4-506A9B7EE306}.Release|Any CPU.Build.0 = Release|Any CPU
		{74E37785-E0B6-489F-9CC4-506A9B7EE306}.Release|x64.ActiveCfg = Release|x64
		{74E37785-E0B6-489F-9CC4-506A9B7EE306}.Release|x64.Build.0 = Release|x64
		{74E37785-E0B6-489F-9CC4-506A9B7EE306}.Release|x86.ActiveCfg = Release|x86
		{74E37785-E0B6-489F-9CC4-506A9B7EE306}.Release|x86.Build.0 = Release|x86
		{0ABBC729-BD96-4F1B-B489-14D128901F15}.Debug|Any CPU.ActiveCfg = Debug|Any CPU
		{0ABBC729-BD96-4F1B-B489-14D128901F15}.Debug|Any CPU.Build.0 = Debug|Any CPU
		{0ABBC729-BD96-4F1B-B489-14D128901F15}.Debug|x64.ActiveCfg = Debug|x64
		{0ABBC729-BD96-4F1B-B489-14D128901F15}.Debug|x64.Build.0 = Debug|x64
		{0ABBC729-BD96-4F1B-B489-14D128901F15}.Debug|x86.ActiveCfg = Debug|x86
		{0ABBC729-BD96-4F1B-B489-14D128901F15}.Debug|x86.Build.0 = Debug|x86
		{0ABBC729-BD96-4F1B-B489-14D128901F15}.Release|Any CPU.ActiveCfg = Release|Any CPU
		{0ABBC729-BD96-4F1B-B489-14D128901F15}.Release|Any CPU.Build.0 = Release|Any CPU
		{0ABBC729-BD96-4F1B-B489-14D128901F15}.Release|x64.ActiveCfg = Release|x64
		{0ABBC729-BD96-4F1B-B489-14D128901F15}.Release|x64.Build.0 = Release|x64
		{0ABBC729-BD96-4F1B-B489-14D128901F15}.Release|x86.ActiveCfg = Release|x86
		{0ABBC729-BD96-4F1B-B489-14D128901F15}.Release|x86.Build.0 = Release|x86
		{032D4AEC-05A5-4F7C-987C-10A4DF50216D}.Debug|Any CPU.ActiveCfg = Debug|Any CPU
		{032D4AEC-05A5-4F7C-987C-10A4DF50216D}.Debug|Any CPU.Build.0 = Debug|Any CPU
		{032D4AEC-05A5-4F7C-987C-10A4DF50216D}.Debug|x64.ActiveCfg = Debug|Any CPU
		{032D4AEC-05A5-4F7C-987C-10A4DF50216D}.Debug|x64.Build.0 = Debug|Any CPU
		{032D4AEC-05A5-4F7C-987C-10A4DF50216D}.Debug|x86.ActiveCfg = Debug|x86
		{032D4AEC-05A5-4F7C-987C-10A4DF50216D}.Debug|x86.Build.0 = Debug|x86
		{032D4AEC-05A5-4F7C-987C-10A4DF50216D}.Release|Any CPU.ActiveCfg = Release|Any CPU
		{032D4AEC-05A5-4F7C-987C-10A4DF50216D}.Release|Any CPU.Build.0 = Release|Any CPU
		{032D4AEC-05A5-4F7C-987C-10A4DF50216D}.Release|x64.ActiveCfg = Release|Any CPU
		{032D4AEC-05A5-4F7C-987C-10A4DF50216D}.Release|x64.Build.0 = Release|Any CPU
		{032D4AEC-05A5-4F7C-987C-10A4DF50216D}.Release|x86.ActiveCfg = Release|x86
		{032D4AEC-05A5-4F7C-987C-10A4DF50216D}.Release|x86.Build.0 = Release|x86
		{D9ADFAEF-7AEE-4C99-838B-505550989C2E}.Debug|Any CPU.ActiveCfg = Debug|Any CPU
		{D9ADFAEF-7AEE-4C99-838B-505550989C2E}.Debug|Any CPU.Build.0 = Debug|Any CPU
		{D9ADFAEF-7AEE-4C99-838B-505550989C2E}.Debug|x64.ActiveCfg = Debug|x64
		{D9ADFAEF-7AEE-4C99-838B-505550989C2E}.Debug|x64.Build.0 = Debug|x64
		{D9ADFAEF-7AEE-4C99-838B-505550989C2E}.Debug|x86.ActiveCfg = Debug|x86
		{D9ADFAEF-7AEE-4C99-838B-505550989C2E}.Debug|x86.Build.0 = Debug|x86
		{D9ADFAEF-7AEE-4C99-838B-505550989C2E}.Release|Any CPU.ActiveCfg = Release|Any CPU
		{D9ADFAEF-7AEE-4C99-838B-505550989C2E}.Release|Any CPU.Build.0 = Release|Any CPU
		{D9ADFAEF-7AEE-4C99-838B-505550989C2E}.Release|x64.ActiveCfg = Release|x64
		{D9ADFAEF-7AEE-4C99-838B-505550989C2E}.Release|x64.Build.0 = Release|x64
		{D9ADFAEF-7AEE-4C99-838B-505550989C2E}.Release|x86.ActiveCfg = Release|x86
		{D9ADFAEF-7AEE-4C99-838B-505550989C2E}.Release|x86.Build.0 = Release|x86
		{78A630AB-64B1-43EB-A663-841E7A8B1F30}.Debug|Any CPU.ActiveCfg = Debug|Any CPU
		{78A630AB-64B1-43EB-A663-841E7A8B1F30}.Debug|Any CPU.Build.0 = Debug|Any CPU
		{78A630AB-64B1-43EB-A663-841E7A8B1F30}.Debug|x64.ActiveCfg = Debug|x64
		{78A630AB-64B1-43EB-A663-841E7A8B1F30}.Debug|x64.Build.0 = Debug|x64
		{78A630AB-64B1-43EB-A663-841E7A8B1F30}.Debug|x86.ActiveCfg = Debug|x86
		{78A630AB-64B1-43EB-A663-841E7A8B1F30}.Debug|x86.Build.0 = Debug|x86
		{78A630AB-64B1-43EB-A663-841E7A8B1F30}.Release|Any CPU.ActiveCfg = Release|Any CPU
		{78A630AB-64B1-43EB-A663-841E7A8B1F30}.Release|Any CPU.Build.0 = Release|Any CPU
		{78A630AB-64B1-43EB-A663-841E7A8B1F30}.Release|x64.ActiveCfg = Release|x64
		{78A630AB-64B1-43EB-A663-841E7A8B1F30}.Release|x64.Build.0 = Release|x64
		{78A630AB-64B1-43EB-A663-841E7A8B1F30}.Release|x86.ActiveCfg = Release|x86
		{78A630AB-64B1-43EB-A663-841E7A8B1F30}.Release|x86.Build.0 = Release|x86
		{88248D88-9756-4084-AD88-388BE1AB8FEC}.Debug|Any CPU.ActiveCfg = Debug|Any CPU
		{88248D88-9756-4084-AD88-388BE1AB8FEC}.Debug|Any CPU.Build.0 = Debug|Any CPU
		{88248D88-9756-4084-AD88-388BE1AB8FEC}.Debug|x64.ActiveCfg = Debug|Any CPU
		{88248D88-9756-4084-AD88-388BE1AB8FEC}.Debug|x64.Build.0 = Debug|Any CPU
		{88248D88-9756-4084-AD88-388BE1AB8FEC}.Debug|x64.Deploy.0 = Debug|Any CPU
		{88248D88-9756-4084-AD88-388BE1AB8FEC}.Debug|x86.ActiveCfg = Debug|Any CPU
		{88248D88-9756-4084-AD88-388BE1AB8FEC}.Debug|x86.Build.0 = Debug|Any CPU
		{88248D88-9756-4084-AD88-388BE1AB8FEC}.Debug|x86.Deploy.0 = Debug|Any CPU
		{88248D88-9756-4084-AD88-388BE1AB8FEC}.Release|Any CPU.ActiveCfg = Release|Any CPU
		{88248D88-9756-4084-AD88-388BE1AB8FEC}.Release|Any CPU.Build.0 = Release|Any CPU
		{88248D88-9756-4084-AD88-388BE1AB8FEC}.Release|Any CPU.Deploy.0 = Release|Any CPU
		{88248D88-9756-4084-AD88-388BE1AB8FEC}.Release|x64.ActiveCfg = Release|Any CPU
		{88248D88-9756-4084-AD88-388BE1AB8FEC}.Release|x64.Build.0 = Release|Any CPU
		{88248D88-9756-4084-AD88-388BE1AB8FEC}.Release|x64.Deploy.0 = Release|Any CPU
		{88248D88-9756-4084-AD88-388BE1AB8FEC}.Release|x86.ActiveCfg = Release|Any CPU
		{88248D88-9756-4084-AD88-388BE1AB8FEC}.Release|x86.Build.0 = Release|Any CPU
		{88248D88-9756-4084-AD88-388BE1AB8FEC}.Release|x86.Deploy.0 = Release|Any CPU
		{3140EA07-3FB1-407B-84AB-9C50AEDB6F4B}.Debug|Any CPU.ActiveCfg = Debug|Any CPU
		{3140EA07-3FB1-407B-84AB-9C50AEDB6F4B}.Debug|Any CPU.Build.0 = Debug|Any CPU
		{3140EA07-3FB1-407B-84AB-9C50AEDB6F4B}.Debug|x64.ActiveCfg = Debug|Any CPU
		{3140EA07-3FB1-407B-84AB-9C50AEDB6F4B}.Debug|x64.Build.0 = Debug|Any CPU
		{3140EA07-3FB1-407B-84AB-9C50AEDB6F4B}.Debug|x86.ActiveCfg = Debug|Any CPU
		{3140EA07-3FB1-407B-84AB-9C50AEDB6F4B}.Debug|x86.Build.0 = Debug|Any CPU
		{3140EA07-3FB1-407B-84AB-9C50AEDB6F4B}.Release|Any CPU.ActiveCfg = Debug|Any CPU
		{3140EA07-3FB1-407B-84AB-9C50AEDB6F4B}.Release|Any CPU.Build.0 = Debug|Any CPU
		{3140EA07-3FB1-407B-84AB-9C50AEDB6F4B}.Release|x64.ActiveCfg = Debug|Any CPU
		{3140EA07-3FB1-407B-84AB-9C50AEDB6F4B}.Release|x64.Build.0 = Debug|Any CPU
		{3140EA07-3FB1-407B-84AB-9C50AEDB6F4B}.Release|x86.ActiveCfg = Debug|Any CPU
		{3140EA07-3FB1-407B-84AB-9C50AEDB6F4B}.Release|x86.Build.0 = Debug|Any CPU
		{83B9436B-68B6-47DB-9AB7-06D1628D2D78}.Debug|Any CPU.ActiveCfg = Debug|Any CPU
		{83B9436B-68B6-47DB-9AB7-06D1628D2D78}.Debug|Any CPU.Build.0 = Debug|Any CPU
		{83B9436B-68B6-47DB-9AB7-06D1628D2D78}.Debug|x64.ActiveCfg = Debug|x64
		{83B9436B-68B6-47DB-9AB7-06D1628D2D78}.Debug|x64.Build.0 = Debug|x64
		{83B9436B-68B6-47DB-9AB7-06D1628D2D78}.Debug|x86.ActiveCfg = Debug|x86
		{83B9436B-68B6-47DB-9AB7-06D1628D2D78}.Debug|x86.Build.0 = Debug|x86
		{83B9436B-68B6-47DB-9AB7-06D1628D2D78}.Release|Any CPU.ActiveCfg = Release|Any CPU
		{83B9436B-68B6-47DB-9AB7-06D1628D2D78}.Release|Any CPU.Build.0 = Release|Any CPU
		{83B9436B-68B6-47DB-9AB7-06D1628D2D78}.Release|x64.ActiveCfg = Release|x64
		{83B9436B-68B6-47DB-9AB7-06D1628D2D78}.Release|x64.Build.0 = Release|x64
		{83B9436B-68B6-47DB-9AB7-06D1628D2D78}.Release|x86.ActiveCfg = Release|x86
		{83B9436B-68B6-47DB-9AB7-06D1628D2D78}.Release|x86.Build.0 = Release|x86
		{E82E2446-0C22-4A0B-8CCB-07C6724CD745}.Debug|Any CPU.ActiveCfg = Debug|Any CPU
		{E82E2446-0C22-4A0B-8CCB-07C6724CD745}.Debug|Any CPU.Build.0 = Debug|Any CPU
		{E82E2446-0C22-4A0B-8CCB-07C6724CD745}.Debug|x64.ActiveCfg = Debug|Any CPU
		{E82E2446-0C22-4A0B-8CCB-07C6724CD745}.Debug|x64.Build.0 = Debug|Any CPU
		{E82E2446-0C22-4A0B-8CCB-07C6724CD745}.Debug|x86.ActiveCfg = Debug|x86
		{E82E2446-0C22-4A0B-8CCB-07C6724CD745}.Debug|x86.Build.0 = Debug|x86
		{E82E2446-0C22-4A0B-8CCB-07C6724CD745}.Release|Any CPU.ActiveCfg = Release|Any CPU
		{E82E2446-0C22-4A0B-8CCB-07C6724CD745}.Release|Any CPU.Build.0 = Release|Any CPU
		{E82E2446-0C22-4A0B-8CCB-07C6724CD745}.Release|x64.ActiveCfg = Release|Any CPU
		{E82E2446-0C22-4A0B-8CCB-07C6724CD745}.Release|x64.Build.0 = Release|Any CPU
		{E82E2446-0C22-4A0B-8CCB-07C6724CD745}.Release|x86.ActiveCfg = Release|x86
		{E82E2446-0C22-4A0B-8CCB-07C6724CD745}.Release|x86.Build.0 = Release|x86
		{BD5E6BFE-E837-4A35-BCA9-39667D873A20}.Debug|Any CPU.ActiveCfg = Debug|Any CPU
		{BD5E6BFE-E837-4A35-BCA9-39667D873A20}.Debug|Any CPU.Build.0 = Debug|Any CPU
		{BD5E6BFE-E837-4A35-BCA9-39667D873A20}.Debug|x64.ActiveCfg = Debug|x64
		{BD5E6BFE-E837-4A35-BCA9-39667D873A20}.Debug|x64.Build.0 = Debug|x64
		{BD5E6BFE-E837-4A35-BCA9-39667D873A20}.Debug|x86.ActiveCfg = Debug|x86
		{BD5E6BFE-E837-4A35-BCA9-39667D873A20}.Debug|x86.Build.0 = Debug|x86
		{BD5E6BFE-E837-4A35-BCA9-39667D873A20}.Release|Any CPU.ActiveCfg = Release|Any CPU
		{BD5E6BFE-E837-4A35-BCA9-39667D873A20}.Release|Any CPU.Build.0 = Release|Any CPU
		{BD5E6BFE-E837-4A35-BCA9-39667D873A20}.Release|x64.ActiveCfg = Release|x64
		{BD5E6BFE-E837-4A35-BCA9-39667D873A20}.Release|x64.Build.0 = Release|x64
		{BD5E6BFE-E837-4A35-BCA9-39667D873A20}.Release|x86.ActiveCfg = Release|x86
		{BD5E6BFE-E837-4A35-BCA9-39667D873A20}.Release|x86.Build.0 = Release|x86
		{57A3EC4A-FEAC-483D-92CA-23DB44A558EB}.Debug|Any CPU.ActiveCfg = Debug|Any CPU
		{57A3EC4A-FEAC-483D-92CA-23DB44A558EB}.Debug|Any CPU.Build.0 = Debug|Any CPU
		{57A3EC4A-FEAC-483D-92CA-23DB44A558EB}.Debug|x64.ActiveCfg = Debug|Any CPU
		{57A3EC4A-FEAC-483D-92CA-23DB44A558EB}.Debug|x64.Build.0 = Debug|Any CPU
		{57A3EC4A-FEAC-483D-92CA-23DB44A558EB}.Debug|x86.ActiveCfg = Debug|x86
		{57A3EC4A-FEAC-483D-92CA-23DB44A558EB}.Debug|x86.Build.0 = Debug|x86
		{57A3EC4A-FEAC-483D-92CA-23DB44A558EB}.Release|Any CPU.ActiveCfg = Release|Any CPU
		{57A3EC4A-FEAC-483D-92CA-23DB44A558EB}.Release|Any CPU.Build.0 = Release|Any CPU
		{57A3EC4A-FEAC-483D-92CA-23DB44A558EB}.Release|x64.ActiveCfg = Release|Any CPU
		{57A3EC4A-FEAC-483D-92CA-23DB44A558EB}.Release|x64.Build.0 = Release|Any CPU
		{57A3EC4A-FEAC-483D-92CA-23DB44A558EB}.Release|x86.ActiveCfg = Release|x86
		{57A3EC4A-FEAC-483D-92CA-23DB44A558EB}.Release|x86.Build.0 = Release|x86
		{07CF19D8-7431-4442-8FB0-C87844B72CC1}.Debug|Any CPU.ActiveCfg = Debug|Any CPU
		{07CF19D8-7431-4442-8FB0-C87844B72CC1}.Debug|Any CPU.Build.0 = Debug|Any CPU
		{07CF19D8-7431-4442-8FB0-C87844B72CC1}.Debug|x64.ActiveCfg = Debug|Any CPU
		{07CF19D8-7431-4442-8FB0-C87844B72CC1}.Debug|x64.Build.0 = Debug|Any CPU
		{07CF19D8-7431-4442-8FB0-C87844B72CC1}.Debug|x86.ActiveCfg = Debug|x86
		{07CF19D8-7431-4442-8FB0-C87844B72CC1}.Debug|x86.Build.0 = Debug|x86
		{07CF19D8-7431-4442-8FB0-C87844B72CC1}.Release|Any CPU.ActiveCfg = Release|Any CPU
		{07CF19D8-7431-4442-8FB0-C87844B72CC1}.Release|Any CPU.Build.0 = Release|Any CPU
		{07CF19D8-7431-4442-8FB0-C87844B72CC1}.Release|x64.ActiveCfg = Release|Any CPU
		{07CF19D8-7431-4442-8FB0-C87844B72CC1}.Release|x64.Build.0 = Release|Any CPU
		{07CF19D8-7431-4442-8FB0-C87844B72CC1}.Release|x86.ActiveCfg = Release|x86
		{07CF19D8-7431-4442-8FB0-C87844B72CC1}.Release|x86.Build.0 = Release|x86
		{89EC3766-CE46-4AB1-B2E8-058CC9F20BD6}.Debug|Any CPU.ActiveCfg = Debug|Any CPU
		{89EC3766-CE46-4AB1-B2E8-058CC9F20BD6}.Debug|Any CPU.Build.0 = Debug|Any CPU
		{89EC3766-CE46-4AB1-B2E8-058CC9F20BD6}.Debug|x64.ActiveCfg = Debug|Any CPU
		{89EC3766-CE46-4AB1-B2E8-058CC9F20BD6}.Debug|x64.Build.0 = Debug|Any CPU
		{89EC3766-CE46-4AB1-B2E8-058CC9F20BD6}.Debug|x86.ActiveCfg = Debug|x86
		{89EC3766-CE46-4AB1-B2E8-058CC9F20BD6}.Debug|x86.Build.0 = Debug|x86
		{89EC3766-CE46-4AB1-B2E8-058CC9F20BD6}.Release|Any CPU.ActiveCfg = Release|Any CPU
		{89EC3766-CE46-4AB1-B2E8-058CC9F20BD6}.Release|Any CPU.Build.0 = Release|Any CPU
		{89EC3766-CE46-4AB1-B2E8-058CC9F20BD6}.Release|x64.ActiveCfg = Release|Any CPU
		{89EC3766-CE46-4AB1-B2E8-058CC9F20BD6}.Release|x64.Build.0 = Release|Any CPU
		{89EC3766-CE46-4AB1-B2E8-058CC9F20BD6}.Release|x86.ActiveCfg = Release|x86
		{89EC3766-CE46-4AB1-B2E8-058CC9F20BD6}.Release|x86.Build.0 = Release|x86
		{253111D4-48E7-4C16-B67D-DFF7837D8EC1}.Debug|Any CPU.ActiveCfg = Debug|Any CPU
		{253111D4-48E7-4C16-B67D-DFF7837D8EC1}.Debug|Any CPU.Build.0 = Debug|Any CPU
		{253111D4-48E7-4C16-B67D-DFF7837D8EC1}.Debug|x64.ActiveCfg = Debug|Any CPU
		{253111D4-48E7-4C16-B67D-DFF7837D8EC1}.Debug|x64.Build.0 = Debug|Any CPU
		{253111D4-48E7-4C16-B67D-DFF7837D8EC1}.Debug|x86.ActiveCfg = Debug|x86
		{253111D4-48E7-4C16-B67D-DFF7837D8EC1}.Debug|x86.Build.0 = Debug|x86
		{253111D4-48E7-4C16-B67D-DFF7837D8EC1}.Release|Any CPU.ActiveCfg = Release|Any CPU
		{253111D4-48E7-4C16-B67D-DFF7837D8EC1}.Release|Any CPU.Build.0 = Release|Any CPU
		{253111D4-48E7-4C16-B67D-DFF7837D8EC1}.Release|x64.ActiveCfg = Release|Any CPU
		{253111D4-48E7-4C16-B67D-DFF7837D8EC1}.Release|x64.Build.0 = Release|Any CPU
		{253111D4-48E7-4C16-B67D-DFF7837D8EC1}.Release|x86.ActiveCfg = Release|x86
		{253111D4-48E7-4C16-B67D-DFF7837D8EC1}.Release|x86.Build.0 = Release|x86
		{134F1956-1C4F-4A8B-8E0D-ED5DD3155D04}.Debug|Any CPU.ActiveCfg = Debug|Any CPU
		{134F1956-1C4F-4A8B-8E0D-ED5DD3155D04}.Debug|Any CPU.Build.0 = Debug|Any CPU
		{134F1956-1C4F-4A8B-8E0D-ED5DD3155D04}.Debug|x64.ActiveCfg = Debug|Any CPU
		{134F1956-1C4F-4A8B-8E0D-ED5DD3155D04}.Debug|x64.Build.0 = Debug|Any CPU
		{134F1956-1C4F-4A8B-8E0D-ED5DD3155D04}.Debug|x86.ActiveCfg = Debug|x86
		{134F1956-1C4F-4A8B-8E0D-ED5DD3155D04}.Debug|x86.Build.0 = Debug|x86
		{134F1956-1C4F-4A8B-8E0D-ED5DD3155D04}.Release|Any CPU.ActiveCfg = Release|Any CPU
		{134F1956-1C4F-4A8B-8E0D-ED5DD3155D04}.Release|Any CPU.Build.0 = Release|Any CPU
		{134F1956-1C4F-4A8B-8E0D-ED5DD3155D04}.Release|x64.ActiveCfg = Release|Any CPU
		{134F1956-1C4F-4A8B-8E0D-ED5DD3155D04}.Release|x64.Build.0 = Release|Any CPU
		{134F1956-1C4F-4A8B-8E0D-ED5DD3155D04}.Release|x86.ActiveCfg = Release|x86
		{134F1956-1C4F-4A8B-8E0D-ED5DD3155D04}.Release|x86.Build.0 = Release|x86
		{62F385DE-6123-477B-835E-BF73B6908FA6}.Debug|Any CPU.ActiveCfg = Debug|Any CPU
		{62F385DE-6123-477B-835E-BF73B6908FA6}.Debug|Any CPU.Build.0 = Debug|Any CPU
		{62F385DE-6123-477B-835E-BF73B6908FA6}.Debug|x64.ActiveCfg = Debug|Any CPU
		{62F385DE-6123-477B-835E-BF73B6908FA6}.Debug|x64.Build.0 = Debug|Any CPU
		{62F385DE-6123-477B-835E-BF73B6908FA6}.Debug|x86.ActiveCfg = Debug|x86
		{62F385DE-6123-477B-835E-BF73B6908FA6}.Debug|x86.Build.0 = Debug|x86
		{62F385DE-6123-477B-835E-BF73B6908FA6}.Release|Any CPU.ActiveCfg = Release|Any CPU
		{62F385DE-6123-477B-835E-BF73B6908FA6}.Release|Any CPU.Build.0 = Release|Any CPU
		{62F385DE-6123-477B-835E-BF73B6908FA6}.Release|x64.ActiveCfg = Release|Any CPU
		{62F385DE-6123-477B-835E-BF73B6908FA6}.Release|x64.Build.0 = Release|Any CPU
		{62F385DE-6123-477B-835E-BF73B6908FA6}.Release|x86.ActiveCfg = Release|x86
		{62F385DE-6123-477B-835E-BF73B6908FA6}.Release|x86.Build.0 = Release|x86
		{BBAE8249-8270-4071-8C93-67B64E342BC1}.Debug|Any CPU.ActiveCfg = Debug|Any CPU
		{BBAE8249-8270-4071-8C93-67B64E342BC1}.Debug|Any CPU.Build.0 = Debug|Any CPU
		{BBAE8249-8270-4071-8C93-67B64E342BC1}.Debug|x64.ActiveCfg = Debug|Any CPU
		{BBAE8249-8270-4071-8C93-67B64E342BC1}.Debug|x64.Build.0 = Debug|Any CPU
		{BBAE8249-8270-4071-8C93-67B64E342BC1}.Debug|x86.ActiveCfg = Debug|x86
		{BBAE8249-8270-4071-8C93-67B64E342BC1}.Debug|x86.Build.0 = Debug|x86
		{BBAE8249-8270-4071-8C93-67B64E342BC1}.Release|Any CPU.ActiveCfg = Release|Any CPU
		{BBAE8249-8270-4071-8C93-67B64E342BC1}.Release|Any CPU.Build.0 = Release|Any CPU
		{BBAE8249-8270-4071-8C93-67B64E342BC1}.Release|x64.ActiveCfg = Release|Any CPU
		{BBAE8249-8270-4071-8C93-67B64E342BC1}.Release|x64.Build.0 = Release|Any CPU
		{BBAE8249-8270-4071-8C93-67B64E342BC1}.Release|x86.ActiveCfg = Release|x86
		{BBAE8249-8270-4071-8C93-67B64E342BC1}.Release|x86.Build.0 = Release|x86
		{B6866011-E04A-4DE1-8612-D90BF87C4EC9}.Debug|Any CPU.ActiveCfg = Debug|Any CPU
		{B6866011-E04A-4DE1-8612-D90BF87C4EC9}.Debug|Any CPU.Build.0 = Debug|Any CPU
		{B6866011-E04A-4DE1-8612-D90BF87C4EC9}.Debug|x64.ActiveCfg = Debug|Any CPU
		{B6866011-E04A-4DE1-8612-D90BF87C4EC9}.Debug|x64.Build.0 = Debug|Any CPU
		{B6866011-E04A-4DE1-8612-D90BF87C4EC9}.Debug|x86.ActiveCfg = Debug|x86
		{B6866011-E04A-4DE1-8612-D90BF87C4EC9}.Debug|x86.Build.0 = Debug|x86
		{B6866011-E04A-4DE1-8612-D90BF87C4EC9}.Release|Any CPU.ActiveCfg = Release|Any CPU
		{B6866011-E04A-4DE1-8612-D90BF87C4EC9}.Release|Any CPU.Build.0 = Release|Any CPU
		{B6866011-E04A-4DE1-8612-D90BF87C4EC9}.Release|x64.ActiveCfg = Release|Any CPU
		{B6866011-E04A-4DE1-8612-D90BF87C4EC9}.Release|x64.Build.0 = Release|Any CPU
		{B6866011-E04A-4DE1-8612-D90BF87C4EC9}.Release|x86.ActiveCfg = Release|x86
		{B6866011-E04A-4DE1-8612-D90BF87C4EC9}.Release|x86.Build.0 = Release|x86
		{EDD6C201-9AE8-4EC8-8FC9-0CD04D8C1E31}.Debug|Any CPU.ActiveCfg = Debug|Any CPU
		{EDD6C201-9AE8-4EC8-8FC9-0CD04D8C1E31}.Debug|Any CPU.Build.0 = Debug|Any CPU
		{EDD6C201-9AE8-4EC8-8FC9-0CD04D8C1E31}.Debug|x64.ActiveCfg = Debug|Any CPU
		{EDD6C201-9AE8-4EC8-8FC9-0CD04D8C1E31}.Debug|x64.Build.0 = Debug|Any CPU
		{EDD6C201-9AE8-4EC8-8FC9-0CD04D8C1E31}.Debug|x86.ActiveCfg = Debug|x86
		{EDD6C201-9AE8-4EC8-8FC9-0CD04D8C1E31}.Debug|x86.Build.0 = Debug|x86
		{EDD6C201-9AE8-4EC8-8FC9-0CD04D8C1E31}.Release|Any CPU.ActiveCfg = Release|Any CPU
		{EDD6C201-9AE8-4EC8-8FC9-0CD04D8C1E31}.Release|Any CPU.Build.0 = Release|Any CPU
		{EDD6C201-9AE8-4EC8-8FC9-0CD04D8C1E31}.Release|x64.ActiveCfg = Release|Any CPU
		{EDD6C201-9AE8-4EC8-8FC9-0CD04D8C1E31}.Release|x64.Build.0 = Release|Any CPU
		{EDD6C201-9AE8-4EC8-8FC9-0CD04D8C1E31}.Release|x86.ActiveCfg = Release|x86
		{EDD6C201-9AE8-4EC8-8FC9-0CD04D8C1E31}.Release|x86.Build.0 = Release|x86
		{EB08541C-521C-4647-82DF-723913BFEC57}.Debug|Any CPU.ActiveCfg = Debug|Any CPU
		{EB08541C-521C-4647-82DF-723913BFEC57}.Debug|Any CPU.Build.0 = Debug|Any CPU
		{EB08541C-521C-4647-82DF-723913BFEC57}.Debug|x64.ActiveCfg = Debug|Any CPU
		{EB08541C-521C-4647-82DF-723913BFEC57}.Debug|x64.Build.0 = Debug|Any CPU
		{EB08541C-521C-4647-82DF-723913BFEC57}.Debug|x86.ActiveCfg = Debug|x86
		{EB08541C-521C-4647-82DF-723913BFEC57}.Debug|x86.Build.0 = Debug|x86
		{EB08541C-521C-4647-82DF-723913BFEC57}.Release|Any CPU.ActiveCfg = Release|Any CPU
		{EB08541C-521C-4647-82DF-723913BFEC57}.Release|Any CPU.Build.0 = Release|Any CPU
		{EB08541C-521C-4647-82DF-723913BFEC57}.Release|x64.ActiveCfg = Release|Any CPU
		{EB08541C-521C-4647-82DF-723913BFEC57}.Release|x64.Build.0 = Release|Any CPU
		{EB08541C-521C-4647-82DF-723913BFEC57}.Release|x86.ActiveCfg = Release|x86
		{EB08541C-521C-4647-82DF-723913BFEC57}.Release|x86.Build.0 = Release|x86
		{7A40E9FF-DCB8-4CCA-8638-A050E3FC4B62}.Debug|Any CPU.ActiveCfg = Debug|Any CPU
		{7A40E9FF-DCB8-4CCA-8638-A050E3FC4B62}.Debug|Any CPU.Build.0 = Debug|Any CPU
		{7A40E9FF-DCB8-4CCA-8638-A050E3FC4B62}.Debug|x64.ActiveCfg = Debug|Any CPU
		{7A40E9FF-DCB8-4CCA-8638-A050E3FC4B62}.Debug|x64.Build.0 = Debug|Any CPU
		{7A40E9FF-DCB8-4CCA-8638-A050E3FC4B62}.Debug|x86.ActiveCfg = Debug|x86
		{7A40E9FF-DCB8-4CCA-8638-A050E3FC4B62}.Debug|x86.Build.0 = Debug|x86
		{7A40E9FF-DCB8-4CCA-8638-A050E3FC4B62}.Release|Any CPU.ActiveCfg = Release|Any CPU
		{7A40E9FF-DCB8-4CCA-8638-A050E3FC4B62}.Release|Any CPU.Build.0 = Release|Any CPU
		{7A40E9FF-DCB8-4CCA-8638-A050E3FC4B62}.Release|x64.ActiveCfg = Release|Any CPU
		{7A40E9FF-DCB8-4CCA-8638-A050E3FC4B62}.Release|x64.Build.0 = Release|Any CPU
		{7A40E9FF-DCB8-4CCA-8638-A050E3FC4B62}.Release|x86.ActiveCfg = Release|x86
		{7A40E9FF-DCB8-4CCA-8638-A050E3FC4B62}.Release|x86.Build.0 = Release|x86
		{08268B87-2650-4F69-ABEB-71FAC91A9B6E}.Debug|Any CPU.ActiveCfg = Debug|Any CPU
		{08268B87-2650-4F69-ABEB-71FAC91A9B6E}.Debug|Any CPU.Build.0 = Debug|Any CPU
		{08268B87-2650-4F69-ABEB-71FAC91A9B6E}.Debug|x64.ActiveCfg = Debug|Any CPU
		{08268B87-2650-4F69-ABEB-71FAC91A9B6E}.Debug|x64.Build.0 = Debug|Any CPU
		{08268B87-2650-4F69-ABEB-71FAC91A9B6E}.Debug|x86.ActiveCfg = Debug|x86
		{08268B87-2650-4F69-ABEB-71FAC91A9B6E}.Debug|x86.Build.0 = Debug|x86
		{08268B87-2650-4F69-ABEB-71FAC91A9B6E}.Release|Any CPU.ActiveCfg = Release|Any CPU
		{08268B87-2650-4F69-ABEB-71FAC91A9B6E}.Release|Any CPU.Build.0 = Release|Any CPU
		{08268B87-2650-4F69-ABEB-71FAC91A9B6E}.Release|x64.ActiveCfg = Release|Any CPU
		{08268B87-2650-4F69-ABEB-71FAC91A9B6E}.Release|x64.Build.0 = Release|Any CPU
		{08268B87-2650-4F69-ABEB-71FAC91A9B6E}.Release|x86.ActiveCfg = Release|x86
		{08268B87-2650-4F69-ABEB-71FAC91A9B6E}.Release|x86.Build.0 = Release|x86
		{D1E2CFC4-5771-49C4-B81F-2F30988AF90F}.Debug|Any CPU.ActiveCfg = Debug|Any CPU
		{D1E2CFC4-5771-49C4-B81F-2F30988AF90F}.Debug|Any CPU.Build.0 = Debug|Any CPU
		{D1E2CFC4-5771-49C4-B81F-2F30988AF90F}.Debug|x64.ActiveCfg = Debug|Any CPU
		{D1E2CFC4-5771-49C4-B81F-2F30988AF90F}.Debug|x64.Build.0 = Debug|Any CPU
		{D1E2CFC4-5771-49C4-B81F-2F30988AF90F}.Debug|x86.ActiveCfg = Debug|x86
		{D1E2CFC4-5771-49C4-B81F-2F30988AF90F}.Debug|x86.Build.0 = Debug|x86
		{D1E2CFC4-5771-49C4-B81F-2F30988AF90F}.Release|Any CPU.ActiveCfg = Release|Any CPU
		{D1E2CFC4-5771-49C4-B81F-2F30988AF90F}.Release|Any CPU.Build.0 = Release|Any CPU
		{D1E2CFC4-5771-49C4-B81F-2F30988AF90F}.Release|x64.ActiveCfg = Release|Any CPU
		{D1E2CFC4-5771-49C4-B81F-2F30988AF90F}.Release|x64.Build.0 = Release|Any CPU
		{D1E2CFC4-5771-49C4-B81F-2F30988AF90F}.Release|x86.ActiveCfg = Release|x86
		{D1E2CFC4-5771-49C4-B81F-2F30988AF90F}.Release|x86.Build.0 = Release|x86
		{F5DFAE27-216F-44DC-A59E-59D970B79B16}.Debug|Any CPU.ActiveCfg = Debug|Any CPU
		{F5DFAE27-216F-44DC-A59E-59D970B79B16}.Debug|Any CPU.Build.0 = Debug|Any CPU
		{F5DFAE27-216F-44DC-A59E-59D970B79B16}.Debug|x64.ActiveCfg = Debug|Any CPU
		{F5DFAE27-216F-44DC-A59E-59D970B79B16}.Debug|x64.Build.0 = Debug|Any CPU
		{F5DFAE27-216F-44DC-A59E-59D970B79B16}.Debug|x86.ActiveCfg = Debug|Any CPU
		{F5DFAE27-216F-44DC-A59E-59D970B79B16}.Debug|x86.Build.0 = Debug|Any CPU
		{F5DFAE27-216F-44DC-A59E-59D970B79B16}.Release|Any CPU.ActiveCfg = Release|Any CPU
		{F5DFAE27-216F-44DC-A59E-59D970B79B16}.Release|Any CPU.Build.0 = Release|Any CPU
		{F5DFAE27-216F-44DC-A59E-59D970B79B16}.Release|x64.ActiveCfg = Release|Any CPU
		{F5DFAE27-216F-44DC-A59E-59D970B79B16}.Release|x64.Build.0 = Release|Any CPU
		{F5DFAE27-216F-44DC-A59E-59D970B79B16}.Release|x86.ActiveCfg = Release|Any CPU
		{F5DFAE27-216F-44DC-A59E-59D970B79B16}.Release|x86.Build.0 = Release|Any CPU
		{02F87BE3-87FB-4C23-AAB7-2087C8E63075}.Debug|Any CPU.ActiveCfg = Debug|Any CPU
		{02F87BE3-87FB-4C23-AAB7-2087C8E63075}.Debug|Any CPU.Build.0 = Debug|Any CPU
		{02F87BE3-87FB-4C23-AAB7-2087C8E63075}.Debug|x64.ActiveCfg = Debug|x64
		{02F87BE3-87FB-4C23-AAB7-2087C8E63075}.Debug|x64.Build.0 = Debug|x64
		{02F87BE3-87FB-4C23-AAB7-2087C8E63075}.Debug|x86.ActiveCfg = Debug|x86
		{02F87BE3-87FB-4C23-AAB7-2087C8E63075}.Debug|x86.Build.0 = Debug|x86
		{02F87BE3-87FB-4C23-AAB7-2087C8E63075}.Release|Any CPU.ActiveCfg = Release|Any CPU
		{02F87BE3-87FB-4C23-AAB7-2087C8E63075}.Release|Any CPU.Build.0 = Release|Any CPU
		{02F87BE3-87FB-4C23-AAB7-2087C8E63075}.Release|x64.ActiveCfg = Release|x64
		{02F87BE3-87FB-4C23-AAB7-2087C8E63075}.Release|x64.Build.0 = Release|x64
		{02F87BE3-87FB-4C23-AAB7-2087C8E63075}.Release|x86.ActiveCfg = Release|x86
		{02F87BE3-87FB-4C23-AAB7-2087C8E63075}.Release|x86.Build.0 = Release|x86
		{31E93D0C-A8A2-4A37-855F-53C83CAEF1FC}.Debug|Any CPU.ActiveCfg = Debug
		{31E93D0C-A8A2-4A37-855F-53C83CAEF1FC}.Debug|x64.ActiveCfg = Debug
		{31E93D0C-A8A2-4A37-855F-53C83CAEF1FC}.Debug|x86.ActiveCfg = Debug
		{31E93D0C-A8A2-4A37-855F-53C83CAEF1FC}.Release|Any CPU.ActiveCfg = Release
		{31E93D0C-A8A2-4A37-855F-53C83CAEF1FC}.Release|x64.ActiveCfg = Release
		{31E93D0C-A8A2-4A37-855F-53C83CAEF1FC}.Release|x86.ActiveCfg = Release
		{5795F93C-AA8F-43D4-A2E9-11D41AA9FB2E}.Debug|Any CPU.ActiveCfg = Debug|Any CPU
		{5795F93C-AA8F-43D4-A2E9-11D41AA9FB2E}.Debug|Any CPU.Build.0 = Debug|Any CPU
		{5795F93C-AA8F-43D4-A2E9-11D41AA9FB2E}.Debug|x64.ActiveCfg = Debug|Any CPU
		{5795F93C-AA8F-43D4-A2E9-11D41AA9FB2E}.Debug|x64.Build.0 = Debug|Any CPU
		{5795F93C-AA8F-43D4-A2E9-11D41AA9FB2E}.Debug|x86.ActiveCfg = Debug|Any CPU
		{5795F93C-AA8F-43D4-A2E9-11D41AA9FB2E}.Debug|x86.Build.0 = Debug|Any CPU
		{5795F93C-AA8F-43D4-A2E9-11D41AA9FB2E}.Release|Any CPU.ActiveCfg = Release|Any CPU
		{5795F93C-AA8F-43D4-A2E9-11D41AA9FB2E}.Release|Any CPU.Build.0 = Release|Any CPU
		{5795F93C-AA8F-43D4-A2E9-11D41AA9FB2E}.Release|x64.ActiveCfg = Release|Any CPU
		{5795F93C-AA8F-43D4-A2E9-11D41AA9FB2E}.Release|x64.Build.0 = Release|Any CPU
		{5795F93C-AA8F-43D4-A2E9-11D41AA9FB2E}.Release|x86.ActiveCfg = Release|Any CPU
		{5795F93C-AA8F-43D4-A2E9-11D41AA9FB2E}.Release|x86.Build.0 = Release|Any CPU
		{5AC82ACA-F97B-46B1-81B1-12F2347C409D}.Debug|Any CPU.ActiveCfg = Debug|Any CPU
		{5AC82ACA-F97B-46B1-81B1-12F2347C409D}.Debug|Any CPU.Build.0 = Debug|Any CPU
		{5AC82ACA-F97B-46B1-81B1-12F2347C409D}.Debug|x64.ActiveCfg = Debug|Any CPU
		{5AC82ACA-F97B-46B1-81B1-12F2347C409D}.Debug|x64.Build.0 = Debug|Any CPU
		{5AC82ACA-F97B-46B1-81B1-12F2347C409D}.Debug|x86.ActiveCfg = Debug|x86
		{5AC82ACA-F97B-46B1-81B1-12F2347C409D}.Debug|x86.Build.0 = Debug|x86
		{5AC82ACA-F97B-46B1-81B1-12F2347C409D}.Release|Any CPU.ActiveCfg = Release|Any CPU
		{5AC82ACA-F97B-46B1-81B1-12F2347C409D}.Release|Any CPU.Build.0 = Release|Any CPU
		{5AC82ACA-F97B-46B1-81B1-12F2347C409D}.Release|x64.ActiveCfg = Release|Any CPU
		{5AC82ACA-F97B-46B1-81B1-12F2347C409D}.Release|x64.Build.0 = Release|Any CPU
		{5AC82ACA-F97B-46B1-81B1-12F2347C409D}.Release|x86.ActiveCfg = Release|x86
		{5AC82ACA-F97B-46B1-81B1-12F2347C409D}.Release|x86.Build.0 = Release|x86
		{3FB22C3A-3C50-4ED9-9AC1-568375287F27}.Debug|Any CPU.ActiveCfg = Debug|Any CPU
		{3FB22C3A-3C50-4ED9-9AC1-568375287F27}.Debug|Any CPU.Build.0 = Debug|Any CPU
		{3FB22C3A-3C50-4ED9-9AC1-568375287F27}.Debug|x64.ActiveCfg = Debug|Any CPU
		{3FB22C3A-3C50-4ED9-9AC1-568375287F27}.Debug|x64.Build.0 = Debug|Any CPU
		{3FB22C3A-3C50-4ED9-9AC1-568375287F27}.Debug|x86.ActiveCfg = Debug|x86
		{3FB22C3A-3C50-4ED9-9AC1-568375287F27}.Debug|x86.Build.0 = Debug|x86
		{3FB22C3A-3C50-4ED9-9AC1-568375287F27}.Release|Any CPU.ActiveCfg = Release|Any CPU
		{3FB22C3A-3C50-4ED9-9AC1-568375287F27}.Release|Any CPU.Build.0 = Release|Any CPU
		{3FB22C3A-3C50-4ED9-9AC1-568375287F27}.Release|x64.ActiveCfg = Release|Any CPU
		{3FB22C3A-3C50-4ED9-9AC1-568375287F27}.Release|x64.Build.0 = Release|Any CPU
		{3FB22C3A-3C50-4ED9-9AC1-568375287F27}.Release|x86.ActiveCfg = Release|x86
		{3FB22C3A-3C50-4ED9-9AC1-568375287F27}.Release|x86.Build.0 = Release|x86
	EndGlobalSection
	GlobalSection(SolutionProperties) = preSolution
		HideSolutionNode = FALSE
	EndGlobalSection
	GlobalSection(NestedProjects) = preSolution
		{E2B87F98-0A60-4590-9200-CAC7DD158FD2} = {F8CE1771-7B27-47C7-85FD-25CC02F15025}
		{18A02E9A-106D-40BA-A5CB-FA0748ED8F69} = {F8CE1771-7B27-47C7-85FD-25CC02F15025}
		{80BD2B89-867B-4066-B617-9C170D3077F9} = {F8CE1771-7B27-47C7-85FD-25CC02F15025}
		{E6BBF93A-C0D7-4285-9DBB-A422536BA045} = {E2B87F98-0A60-4590-9200-CAC7DD158FD2}
		{AE42F6E7-3574-4538-A1B7-2326F6CD8178} = {F8CE1771-7B27-47C7-85FD-25CC02F15025}
		{6AE6F2F4-E89F-40E0-ACA2-B4C6127CD0E7} = {F8CE1771-7B27-47C7-85FD-25CC02F15025}
		{EC74AC5B-9D50-44CD-9965-52C5DC31C1BC} = {F8CE1771-7B27-47C7-85FD-25CC02F15025}
		{F72F406A-B1D2-413F-BB0C-F19BA980ACB5} = {F8CE1771-7B27-47C7-85FD-25CC02F15025}
		{32391B01-F12A-46A0-9663-AD7E5D1D7D5C} = {F72F406A-B1D2-413F-BB0C-F19BA980ACB5}
		{0CF39014-BA77-430A-BA8E-8512CD550436} = {EC74AC5B-9D50-44CD-9965-52C5DC31C1BC}
		{B42FE247-F733-47AA-9335-E503CDBDB6F6} = {6AE6F2F4-E89F-40E0-ACA2-B4C6127CD0E7}
		{74E37785-E0B6-489F-9CC4-506A9B7EE306} = {AE42F6E7-3574-4538-A1B7-2326F6CD8178}
		{0ABBC729-BD96-4F1B-B489-14D128901F15} = {EC752A32-013E-4970-B390-ECAB641B9546}
		{032D4AEC-05A5-4F7C-987C-10A4DF50216D} = {AE42F6E7-3574-4538-A1B7-2326F6CD8178}
		{D9ADFAEF-7AEE-4C99-838B-505550989C2E} = {80BD2B89-867B-4066-B617-9C170D3077F9}
		{78A630AB-64B1-43EB-A663-841E7A8B1F30} = {E6BBF93A-C0D7-4285-9DBB-A422536BA045}
		{88248D88-9756-4084-AD88-388BE1AB8FEC} = {B3D35995-B376-4280-AB72-830B469A72B8}
		{AC32AF7C-6577-4366-BF57-577279AC266A} = {B3D35995-B376-4280-AB72-830B469A72B8}
		{3140EA07-3FB1-407B-84AB-9C50AEDB6F4B} = {80BD2B89-867B-4066-B617-9C170D3077F9}
		{83B9436B-68B6-47DB-9AB7-06D1628D2D78} = {569852FB-B721-4A08-BBF6-89035543D2BD}
		{E82E2446-0C22-4A0B-8CCB-07C6724CD745} = {6AE6F2F4-E89F-40E0-ACA2-B4C6127CD0E7}
		{C3E043B7-4701-44A0-9BA3-57F46BD90812} = {F8CE1771-7B27-47C7-85FD-25CC02F15025}
		{B483A86A-441C-480A-A6FA-CF96FB98DD53} = {C3E043B7-4701-44A0-9BA3-57F46BD90812}
		{33B515EB-5BA8-4956-8284-656BDAB38654} = {C3E043B7-4701-44A0-9BA3-57F46BD90812}
		{A72022EF-377A-4B39-BD3E-D27619914DBA} = {33B515EB-5BA8-4956-8284-656BDAB38654}
		{46D13F41-314C-456E-9B19-11B8C3986288} = {33B515EB-5BA8-4956-8284-656BDAB38654}
		{6417C43A-E51A-4792-99E2-9694908E7AE8} = {E2B87F98-0A60-4590-9200-CAC7DD158FD2}
		{EC752A32-013E-4970-B390-ECAB641B9546} = {18A02E9A-106D-40BA-A5CB-FA0748ED8F69}
		{FC7FBEE8-C417-44C2-B1AB-CD51C29845F5} = {18A02E9A-106D-40BA-A5CB-FA0748ED8F69}
		{BD5E6BFE-E837-4A35-BCA9-39667D873A20} = {EC752A32-013E-4970-B390-ECAB641B9546}
		{57A3EC4A-FEAC-483D-92CA-23DB44A558EB} = {EC752A32-013E-4970-B390-ECAB641B9546}
		{07CF19D8-7431-4442-8FB0-C87844B72CC1} = {EC752A32-013E-4970-B390-ECAB641B9546}
		{89EC3766-CE46-4AB1-B2E8-058CC9F20BD6} = {EC752A32-013E-4970-B390-ECAB641B9546}
		{253111D4-48E7-4C16-B67D-DFF7837D8EC1} = {EC752A32-013E-4970-B390-ECAB641B9546}
		{134F1956-1C4F-4A8B-8E0D-ED5DD3155D04} = {EC752A32-013E-4970-B390-ECAB641B9546}
		{62F385DE-6123-477B-835E-BF73B6908FA6} = {EC752A32-013E-4970-B390-ECAB641B9546}
		{BBAE8249-8270-4071-8C93-67B64E342BC1} = {EC752A32-013E-4970-B390-ECAB641B9546}
		{B6866011-E04A-4DE1-8612-D90BF87C4EC9} = {EC752A32-013E-4970-B390-ECAB641B9546}
		{EDD6C201-9AE8-4EC8-8FC9-0CD04D8C1E31} = {EC752A32-013E-4970-B390-ECAB641B9546}
		{EB08541C-521C-4647-82DF-723913BFEC57} = {EC752A32-013E-4970-B390-ECAB641B9546}
		{7A40E9FF-DCB8-4CCA-8638-A050E3FC4B62} = {EC752A32-013E-4970-B390-ECAB641B9546}
		{08268B87-2650-4F69-ABEB-71FAC91A9B6E} = {EC752A32-013E-4970-B390-ECAB641B9546}
		{D1E2CFC4-5771-49C4-B81F-2F30988AF90F} = {EC752A32-013E-4970-B390-ECAB641B9546}
		{F5DFAE27-216F-44DC-A59E-59D970B79B16} = {EC752A32-013E-4970-B390-ECAB641B9546}
		{02F87BE3-87FB-4C23-AAB7-2087C8E63075} = {FC7FBEE8-C417-44C2-B1AB-CD51C29845F5}
		{31E93D0C-A8A2-4A37-855F-53C83CAEF1FC} = {52FAFDD5-64FA-4C0F-9872-B5E745F5CCD1}
		{5795F93C-AA8F-43D4-A2E9-11D41AA9FB2E} = {EC752A32-013E-4970-B390-ECAB641B9546}
		{5AC82ACA-F97B-46B1-81B1-12F2347C409D} = {EC74AC5B-9D50-44CD-9965-52C5DC31C1BC}
		{3FB22C3A-3C50-4ED9-9AC1-568375287F27} = {6417C43A-E51A-4792-99E2-9694908E7AE8}
	EndGlobalSection
	GlobalSection(TeamFoundationVersionControl) = preSolution
		SccNumberOfProjects = 33
		SccEnterpriseProvider = {4CA58AB2-18FA-4F8D-95D4-32DDF27D184C}
		SccTeamFoundationServer = https://tfs.codeplex.com/tfs/tfs32
		SccLocalPath0 = .
		SccProjectUniqueName1 = App\\Core\\EfoldingProcessHelpers\\EfoldingProcessHelpers.csproj
		SccProjectTopLevelParentUniqueName1 = Grid2.sln
		SccProjectName1 = App/Core/EfoldingProcessHelpers
		SccLocalPath1 = App\\Core\\EfoldingProcessHelpers
		SccProjectUniqueName2 = App\\Data\\SQLite2\\SQLite.csproj
		SccProjectTopLevelParentUniqueName2 = Grid2.sln
		SccProjectName2 = App/Data/SQLite2
		SccLocalPath2 = App\\Data\\SQLite2
		SccProjectUniqueName3 = App\\Entities\\Entities\\Entities.csproj
		SccProjectTopLevelParentUniqueName3 = Grid2.sln
		SccProjectName3 = App/Entities/Entities
		SccLocalPath3 = App\\Entities\\Entities
		SccProjectUniqueName4 = App\\Entities\\Interfaces\\Interfaces.csproj
		SccProjectTopLevelParentUniqueName4 = Grid2.sln
		SccProjectName4 = App/Entities/Interfaces
		SccLocalPath4 = App\\Entities\\Interfaces
		SccProjectUniqueName5 = App\\Services\\DistributedService\\DistributedService.csproj
		SccProjectTopLevelParentUniqueName5 = Grid2.sln
		SccProjectName5 = App/Services/DistributedService
		SccLocalPath5 = App\\Services\\DistributedService
		SccProjectUniqueName6 = App\\Services\\DocumentManagementService\\DocumentManagementService.csproj
		SccProjectTopLevelParentUniqueName6 = Grid2.sln
		SccProjectName6 = App/Services/DocumentManagementService
		SccLocalPath6 = App\\Services\\DocumentManagementService
		SccProjectUniqueName7 = App\\Services\\GeneratingResultsService\\GeneratingResultsService.csproj
		SccProjectTopLevelParentUniqueName7 = Grid2.sln
		SccProjectName7 = App/Services/GeneratingResultsService
		SccLocalPath7 = App\\Services\\GeneratingResultsService
		SccProjectUniqueName8 = App\\UI\\ProteinFoldingService\\ProteinFoldingService.csproj
		SccProjectTopLevelParentUniqueName8 = Grid2.sln
		SccProjectName8 = App/UI/ProteinFoldingService
		SccLocalPath8 = App\\UI\\ProteinFoldingService
		SccWebProject9 = true
		SccProjectUniqueName9 = App\\UI\\WebSite
		SccProjectTopLevelParentUniqueName9 = Grid2.sln
		SccProjectName9 = App/UI/WebSite
		SccLocalPath9 = App\\UI\\WebSite
		SccProjectEnlistmentChoice9 = 2
		SccProjectUniqueName10 = App\\WCF\\HostDistributed\\HostDistributed.csproj
		SccProjectTopLevelParentUniqueName10 = Grid2.sln
		SccProjectName10 = App/WCF/HostDistributed
		SccLocalPath10 = App\\WCF\\HostDistributed
		SccProjectUniqueName11 = DataBase\\Database\\Database.sqlproj
		SccProjectTopLevelParentUniqueName11 = Grid2.sln
		SccProjectName11 = DataBase/Database
		SccLocalPath11 = DataBase\\Database
		SccProjectUniqueName12 = SandBox\\SandBox\\SandBox.csproj
		SccProjectTopLevelParentUniqueName12 = Grid2.sln
		SccProjectName12 = SandBox/SandBox
		SccLocalPath12 = SandBox\\SandBox
		SccProjectUniqueName13 = App\\Middle\\Helpers\\CompressionHelpers\\CompressionHelpers.csproj
		SccProjectTopLevelParentUniqueName13 = Grid2.sln
		SccProjectName13 = App/Middle/Helpers/CompressionHelpers
		SccLocalPath13 = App\\Middle\\Helpers\\CompressionHelpers
		SccProjectUniqueName14 = App\\Middle\\Helpers\\ConfigurationHelpers\\ConfigurationHelpers.csproj
		SccProjectTopLevelParentUniqueName14 = Grid2.sln
		SccProjectName14 = App/Middle/Helpers/ConfigurationHelpers
		SccLocalPath14 = App\\Middle\\Helpers\\ConfigurationHelpers
		SccProjectUniqueName15 = App\\Middle\\Helpers\\ConvertHelpers\\ConvertHelpers.csproj
		SccProjectTopLevelParentUniqueName15 = Grid2.sln
		SccProjectName15 = App/Middle/Helpers/ConvertHelpers
		SccLocalPath15 = App\\Middle\\Helpers\\ConvertHelpers
		SccProjectUniqueName16 = App\\Middle\\Helpers\\CryptographyHelpers\\CryptographyHelpers.csproj
		SccProjectTopLevelParentUniqueName16 = Grid2.sln
		SccProjectName16 = App/Middle/Helpers/CryptographyHelpers
		SccLocalPath16 = App\\Middle\\Helpers\\CryptographyHelpers
		SccProjectUniqueName17 = App\\Middle\\Helpers\\DebugHelpers\\DebugHelpers.csproj
		SccProjectTopLevelParentUniqueName17 = Grid2.sln
		SccProjectName17 = App/Middle/Helpers/DebugHelpers
		SccLocalPath17 = App\\Middle\\Helpers\\DebugHelpers
		SccProjectUniqueName18 = App\\Middle\\Helpers\\DictionaryHelpers\\DictionaryHelpers.csproj
		SccProjectTopLevelParentUniqueName18 = Grid2.sln
		SccProjectName18 = App/Middle/Helpers/DictionaryHelpers
		SccLocalPath18 = App\\Middle\\Helpers\\DictionaryHelpers
		SccProjectUniqueName19 = App\\Middle\\Helpers\\EnumsHelpers\\EnumsHelpers.csproj
		SccProjectTopLevelParentUniqueName19 = Grid2.sln
		SccProjectName19 = App/Middle/Helpers/EnumsHelpers
		SccLocalPath19 = App\\Middle\\Helpers\\EnumsHelpers
		SccProjectUniqueName20 = App\\Middle\\Helpers\\IOHelpers\\IOHelpers.csproj
		SccProjectTopLevelParentUniqueName20 = Grid2.sln
		SccProjectName20 = App/Middle/Helpers/IOHelpers
		SccLocalPath20 = App\\Middle\\Helpers\\IOHelpers
		SccProjectUniqueName21 = App\\Middle\\Helpers\\LoggingHelpers\\LoggingHelpers.csproj
		SccProjectTopLevelParentUniqueName21 = Grid2.sln
		SccProjectName21 = App/Middle/Helpers/LoggingHelpers
		SccLocalPath21 = App\\Middle\\Helpers\\LoggingHelpers
		SccProjectUniqueName22 = App\\Middle\\Helpers\\NetworkHelpers\\NetworkHelpers.csproj
		SccProjectTopLevelParentUniqueName22 = Grid2.sln
		SccProjectName22 = App/Middle/Helpers/NetworkHelpers
		SccLocalPath22 = App\\Middle\\Helpers\\NetworkHelpers
		SccProjectUniqueName23 = App\\Middle\\Helpers\\RandomHelpers\\RandomHelpers.csproj
		SccProjectTopLevelParentUniqueName23 = Grid2.sln
		SccProjectName23 = App/Middle/Helpers/RandomHelpers
		SccLocalPath23 = App\\Middle\\Helpers\\RandomHelpers
		SccProjectUniqueName24 = App\\Middle\\Helpers\\RegistryHelpers\\RegistryHelpers.csproj
		SccProjectTopLevelParentUniqueName24 = Grid2.sln
		SccProjectName24 = App/Middle/Helpers/RegistryHelpers
		SccLocalPath24 = App\\Middle\\Helpers\\RegistryHelpers
		SccProjectUniqueName25 = App\\Middle\\Helpers\\TypesHelpers\\TypesHelpers.csproj
		SccProjectTopLevelParentUniqueName25 = Grid2.sln
		SccProjectName25 = App/Middle/Helpers/TypesHelpers
		SccLocalPath25 = App\\Middle\\Helpers\\TypesHelpers
		SccProjectUniqueName26 = App\\Middle\\Helpers\\Win32APIHelpers\\Win32APIHelpers.csproj
		SccProjectTopLevelParentUniqueName26 = Grid2.sln
		SccProjectName26 = App/Middle/Helpers/Win32APIHelpers
		SccLocalPath26 = App\\Middle\\Helpers\\Win32APIHelpers
		SccProjectUniqueName27 = App\\Middle\\Integration\\Integration.csproj
		SccProjectTopLevelParentUniqueName27 = Grid2.sln
		SccProjectName27 = App/Middle/Integration
		SccLocalPath27 = App\\Middle\\Integration
		SccProjectUniqueName28 = App\\Middle\\Helpers\\ClosedXML\\ClosedXMLHelpers.csproj
		SccProjectTopLevelParentUniqueName28 = Grid2.sln
		SccProjectName28 = App/Middle/Helpers/ClosedXML
		SccLocalPath28 = App\\Middle\\Helpers\\ClosedXML
		SccProjectUniqueName29 = Installer\\Setup\\Setup.vdproj
		SccProjectTopLevelParentUniqueName29 = Grid2.sln
		SccProjectName29 = Installer/Setup
		SccLocalPath29 = Installer\\Setup
		SccProjectUniqueName30 = App\\Middle\\Helpers\\ManagedObjectMMFHelpers\\ManagedObjectMMFHelpers.csproj
		SccProjectTopLevelParentUniqueName30 = Grid2.sln
		SccProjectName30 = App/Middle/Helpers/ManagedObjectMMFHelpers
		SccLocalPath30 = App\\Middle\\Helpers\\ManagedObjectMMFHelpers
		SccProjectUniqueName31 = App\\Data\\XMLData\\XMLData.csproj
		SccProjectTopLevelParentUniqueName31 = Grid2.sln
		SccProjectName31 = App/Data/XMLData
		SccLocalPath31 = App\\Data\\XMLData
		SccProjectUniqueName32 = App\\WCF\\HostETL\\HostETL.csproj
		SccProjectTopLevelParentUniqueName32 = Grid2.sln
		SccProjectName32 = App/WCF/HostETL
		SccLocalPath32 = App\\WCF\\HostETL
	EndGlobalSection
EndGlobal
